
Microsoft Visual Studio Solution File, Format Version 12.00
# Visual Studio 15
VisualStudioVersion = 15.0.26124.0
MinimumVisualStudioVersion = 15.0.26124.0
Project("{FAE04EC0-301F-11D3-BF4B-00C04F79EFBC}") = "PeopleHub.Api", "PeopleHub.Api\PeopleHub.Api.csproj", "{E1A0197F-387B-4AD2-B2F4-1E29FED4B12C}"
EndProject
Project("{FAE04EC0-301F-11D3-BF4B-00C04F79EFBC}") = "PeopleHub.Domain", "PeopleHub.Domain\PeopleHub.Domain.csproj", "{2D57B467-1A6A-456B-B2B2-E34D63746853}"
EndProject
Project("{FAE04EC0-301F-11D3-BF4B-00C04F79EFBC}") = "PeopleHub.Infra.Data", "PeopleHub.Infra.Data\PeopleHub.Infra.Data.csproj", "{5505070A-5F5B-4EB0-A907-49A9314AC252}"
EndProject
Global
	GlobalSection(SolutionConfigurationPlatforms) = preSolution
		Debug|Any CPU = Debug|Any CPU
		Debug|x64 = Debug|x64
		Debug|x86 = Debug|x86
		Release|Any CPU = Release|Any CPU
		Release|x64 = Release|x64
		Release|x86 = Release|x86
	EndGlobalSection
	GlobalSection(SolutionProperties) = preSolution
		HideSolutionNode = FALSE
	EndGlobalSection
	GlobalSection(ProjectConfigurationPlatforms) = postSolution
		{E1A0197F-387B-4AD2-B2F4-1E29FED4B12C}.Debug|Any CPU.ActiveCfg = Debug|Any CPU
		{E1A0197F-387B-4AD2-B2F4-1E29FED4B12C}.Debug|Any CPU.Build.0 = Debug|Any CPU
		{E1A0197F-387B-4AD2-B2F4-1E29FED4B12C}.Debug|x64.ActiveCfg = Debug|Any CPU
		{E1A0197F-387B-4AD2-B2F4-1E29FED4B12C}.Debug|x64.Build.0 = Debug|Any CPU
		{E1A0197F-387B-4AD2-B2F4-1E29FED4B12C}.Debug|x86.ActiveCfg = Debug|Any CPU
		{E1A0197F-387B-4AD2-B2F4-1E29FED4B12C}.Debug|x86.Build.0 = Debug|Any CPU
		{E1A0197F-387B-4AD2-B2F4-1E29FED4B12C}.Release|Any CPU.ActiveCfg = Release|Any CPU
		{E1A0197F-387B-4AD2-B2F4-1E29FED4B12C}.Release|Any CPU.Build.0 = Release|Any CPU
		{E1A0197F-387B-4AD2-B2F4-1E29FED4B12C}.Release|x64.ActiveCfg = Release|Any CPU
		{E1A0197F-387B-4AD2-B2F4-1E29FED4B12C}.Release|x64.Build.0 = Release|Any CPU
		{E1A0197F-387B-4AD2-B2F4-1E29FED4B12C}.Release|x86.ActiveCfg = Release|Any CPU
		{E1A0197F-387B-4AD2-B2F4-1E29FED4B12C}.Release|x86.Build.0 = Release|Any CPU
		{2D57B467-1A6A-456B-B2B2-E34D63746853}.Debug|Any CPU.ActiveCfg = Debug|Any CPU
		{2D57B467-1A6A-456B-B2B2-E34D63746853}.Debug|Any CPU.Build.0 = Debug|Any CPU
		{2D57B467-1A6A-456B-B2B2-E34D63746853}.Debug|x64.ActiveCfg = Debug|Any CPU
		{2D57B467-1A6A-456B-B2B2-E34D63746853}.Debug|x64.Build.0 = Debug|Any CPU
		{2D57B467-1A6A-456B-B2B2-E34D63746853}.Debug|x86.ActiveCfg = Debug|Any CPU
		{2D57B467-1A6A-456B-B2B2-E34D63746853}.Debug|x86.Build.0 = Debug|Any CPU
		{2D57B467-1A6A-456B-B2B2-E34D63746853}.Release|Any CPU.ActiveCfg = Release|Any CPU
		{2D57B467-1A6A-456B-B2B2-E34D63746853}.Release|Any CPU.Build.0 = Release|Any CPU
		{2D57B467-1A6A-456B-B2B2-E34D63746853}.Release|x64.ActiveCfg = Release|Any CPU
		{2D57B467-1A6A-456B-B2B2-E34D63746853}.Release|x64.Build.0 = Release|Any CPU
		{2D57B467-1A6A-456B-B2B2-E34D63746853}.Release|x86.ActiveCfg = Release|Any CPU
		{2D57B467-1A6A-456B-B2B2-E34D63746853}.Release|x86.Build.0 = Release|Any CPU
		{5505070A-5F5B-4EB0-A907-49A9314AC252}.Debug|Any CPU.ActiveCfg = Debug|Any CPU
		{5505070A-5F5B-4EB0-A907-49A9314AC252}.Debug|Any CPU.Build.0 = Debug|Any CPU
		{5505070A-5F5B-4EB0-A907-49A9314AC252}.Debug|x64.ActiveCfg = Debug|Any CPU
		{5505070A-5F5B-4EB0-A907-49A9314AC252}.Debug|x64.Build.0 = Debug|Any CPU
		{5505070A-5F5B-4EB0-A907-49A9314AC252}.Debug|x86.ActiveCfg = Debug|Any CPU
		{5505070A-5F5B-4EB0-A907-49A9314AC252}.Debug|x86.Build.0 = Debug|Any CPU
		{5505070A-5F5B-4EB0-A907-49A9314AC252}.Release|Any CPU.ActiveCfg = Release|Any CPU
		{5505070A-5F5B-4EB0-A907-49A9314AC252}.Release|Any CPU.Build.0 = Release|Any CPU
		{5505070A-5F5B-4EB0-A907-49A9314AC252}.Release|x64.ActiveCfg = Release|Any CPU
		{5505070A-5F5B-4EB0-A907-49A9314AC252}.Release|x64.Build.0 = Release|Any CPU
		{5505070A-5F5B-4EB0-A907-49A9314AC252}.Release|x86.ActiveCfg = Release|Any CPU
		{5505070A-5F5B-4EB0-A907-49A9314AC252}.Release|x86.Build.0 = Release|Any CPU
	EndGlobalSection
EndGlobal
